// !$*UTF8*$!
{
	archiveVersion = 1;
	classes = {
	};
	objectVersion = 46;
	objects = {

/* Begin PBXFileReference section */
		835D5C971C5A961A00F0EF73 /* main.py */ = {isa = PBXFileReference; lastKnownFileType = text.script.python; path = main.py; sourceTree = "<group>"; };
		835D5C981C5AB2EF00F0EF73 /* libraries.py */ = {isa = PBXFileReference; lastKnownFileType = text.script.python; path = libraries.py; sourceTree = "<group>"; };
		835D5C991C5AC77700F0EF73 /* functions.py */ = {isa = PBXFileReference; lastKnownFileType = text.script.python; path = functions.py; sourceTree = "<group>"; };
		835D5C9A1C5ACFF200F0EF73 /* createdb.py */ = {isa = PBXFileReference; lastKnownFileType = text.script.python; path = createdb.py; sourceTree = "<group>"; };
		835D5C9B1C5AD03100F0EF73 /* insertRecords.py */ = {isa = PBXFileReference; lastKnownFileType = text.script.python; path = insertRecords.py; sourceTree = "<group>"; };
		835D5C9C1C5AD0D900F0EF73 /* test.py */ = {isa = PBXFileReference; lastKnownFileType = text.script.python; path = test.py; sourceTree = "<group>"; };
		835D5C9D1C5BCF1B00F0EF73 /* classes.py */ = {isa = PBXFileReference; lastKnownFileType = text.script.python; path = classes.py; sourceTree = "<group>"; };
/* End PBXFileReference section */

/* Begin PBXGroup section */
		835D5C901C5A95BA00F0EF73 = {
			isa = PBXGroup;
			children = (
				835D5C9D1C5BCF1B00F0EF73 /* classes.py */,
				835D5C9C1C5AD0D900F0EF73 /* test.py */,
				835D5C9B1C5AD03100F0EF73 /* insertRecords.py */,
				835D5C9A1C5ACFF200F0EF73 /* createdb.py */,
				835D5C991C5AC77700F0EF73 /* functions.py */,
				835D5C971C5A961A00F0EF73 /* main.py */,
				835D5C981C5AB2EF00F0EF73 /* libraries.py */,
			);
			sourceTree = "<group>";
		};
/* End PBXGroup section */

/* Begin PBXProject section */
		835D5C911C5A95BA00F0EF73 /* Project object */ = {
			isa = PBXProject;
			attributes = {
				LastUpgradeCheck = 0720;
			};
			buildConfigurationList = 835D5C941C5A95BA00F0EF73 /* Build configuration list for PBXProject "KRMA_Ratings" */;
			compatibilityVersion = "Xcode 3.2";
			developmentRegion = English;
			hasScannedForEncodings = 0;
			knownRegions = (
				en,
			);
			mainGroup = 835D5C901C5A95BA00F0EF73;
			projectDirPath = "";
			projectRoot = "";
			targets = (
			);
		};
/* End PBXProject section */

/* Begin XCBuildConfiguration section */
		835D5C951C5A95BA00F0EF73 /* Debug */ = {
			isa = XCBuildConfiguration;
			buildSettings = {
			};
			name = Debug;
		};
		835D5C961C5A95BA00F0EF73 /* Release */ = {
			isa = XCBuildConfiguration;
			buildSettings = {
			};
			name = Release;
		};
/* End XCBuildConfiguration section */

/* Begin XCConfigurationList section */
		835D5C941C5A95BA00F0EF73 /* Build configuration list for PBXProject "KRMA_Ratings" */ = {
			isa = XCConfigurationList;
			buildConfigurations = (
				835D5C951C5A95BA00F0EF73 /* Debug */,
				835D5C961C5A95BA00F0EF73 /* Release */,
			);
			defaultConfigurationIsVisible = 0;
			defaultConfigurationName = Release;
		};
/* End XCConfigurationList section */
	};
	rootObject = 835D5C911C5A95BA00F0EF73 /* Project object */;
}
